
Microsoft Visual Studio Solution File, Format Version 12.00
# Visual Studio 15
VisualStudioVersion = 15.0.27428.2005
MinimumVisualStudioVersion = 10.0.40219.1
Project("{FAE04EC0-301F-11D3-BF4B-00C04F79EFBC}") = "TestPowerShellModule", "TestPowerShellModule.csproj", "{ADA75EC9-40C6-4988-A273-CCBB19B4778B}"
EndProject
Global
	GlobalSection(SolutionConfigurationPlatforms) = preSolution
		Debug|Any CPU = Debug|Any CPU
		Release|Any CPU = Release|Any CPU
	EndGlobalSection
	GlobalSection(ProjectConfigurationPlatforms) = postSolution
		{ADA75EC9-40C6-4988-A273-CCBB19B4778B}.Debug|Any CPU.ActiveCfg = Debug|Any CPU
		{ADA75EC9-40C6-4988-A273-CCBB19B4778B}.Debug|Any CPU.Build.0 = Debug|Any CPU
		{ADA75EC9-40C6-4988-A273-CCBB19B4778B}.Release|Any CPU.ActiveCfg = Release|Any CPU
		{ADA75EC9-40C6-4988-A273-CCBB19B4778B}.Release|Any CPU.Build.0 = Release|Any CPU
	EndGlobalSection
	GlobalSection(SolutionProperties) = preSolution
		HideSolutionNode = FALSE
	EndGlobalSection
	GlobalSection(ExtensibilityGlobals) = postSolution
		SolutionGuid = {E94E1451-C0A8-4738-8B74-1D847D47D2E9}
	EndGlobalSection
EndGlobal
